
Microsoft Visual Studio Solution File, Format Version 12.00
# Visual Studio Version 17
VisualStudioVersion = 17.2.32602.215
MinimumVisualStudioVersion = 10.0.40219.1
Project("{9A19103F-16F7-4668-BE54-9A1E7A4F7556}") = "DataAccess", "DataAccess\DataAccess.csproj", "{4FF03E25-FC8C-436C-938D-A798BD1EFE30}"
EndProject
Project("{9A19103F-16F7-4668-BE54-9A1E7A4F7556}") = "MiddleTier", "MiddleTier\MiddleTier.csproj", "{DCD6FAE6-9E77-4E04-819D-D74F8B780E28}"
EndProject
Project("{9A19103F-16F7-4668-BE54-9A1E7A4F7556}") = "api-book-manager", "api-book-manager\api-book-manager.csproj", "{AB66B4D1-0DEE-4610-AFEC-4DC375559553}"
EndProject
Project("{9A19103F-16F7-4668-BE54-9A1E7A4F7556}") = "web-app-book-manager", "web-book-manager\web-app-book-manager.csproj", "{BF65BBCC-A670-4F3B-96D0-FA6D8D4BA1CB}"
EndProject
Project("{9A19103F-16F7-4668-BE54-9A1E7A4F7556}") = "windows-app-book-manager", "windows-app-book-manager\windows-app-book-manager.csproj", "{1EA21D91-000D-4D3C-B539-49700E7DD09B}"
EndProject
Global
	GlobalSection(SolutionConfigurationPlatforms) = preSolution
		Debug|Any CPU = Debug|Any CPU
		Debug|x64 = Debug|x64
		Release|Any CPU = Release|Any CPU
		Release|x64 = Release|x64
	EndGlobalSection
	GlobalSection(ProjectConfigurationPlatforms) = postSolution
		{4FF03E25-FC8C-436C-938D-A798BD1EFE30}.Debug|Any CPU.ActiveCfg = Debug|Any CPU
		{4FF03E25-FC8C-436C-938D-A798BD1EFE30}.Debug|Any CPU.Build.0 = Debug|Any CPU
		{4FF03E25-FC8C-436C-938D-A798BD1EFE30}.Debug|x64.ActiveCfg = Debug|Any CPU
		{4FF03E25-FC8C-436C-938D-A798BD1EFE30}.Debug|x64.Build.0 = Debug|Any CPU
		{4FF03E25-FC8C-436C-938D-A798BD1EFE30}.Release|Any CPU.ActiveCfg = Release|Any CPU
		{4FF03E25-FC8C-436C-938D-A798BD1EFE30}.Release|Any CPU.Build.0 = Release|Any CPU
		{4FF03E25-FC8C-436C-938D-A798BD1EFE30}.Release|x64.ActiveCfg = Release|Any CPU
		{4FF03E25-FC8C-436C-938D-A798BD1EFE30}.Release|x64.Build.0 = Release|Any CPU
		{DCD6FAE6-9E77-4E04-819D-D74F8B780E28}.Debug|Any CPU.ActiveCfg = Debug|Any CPU
		{DCD6FAE6-9E77-4E04-819D-D74F8B780E28}.Debug|Any CPU.Build.0 = Debug|Any CPU
		{DCD6FAE6-9E77-4E04-819D-D74F8B780E28}.Debug|x64.ActiveCfg = Debug|Any CPU
		{DCD6FAE6-9E77-4E04-819D-D74F8B780E28}.Debug|x64.Build.0 = Debug|Any CPU
		{DCD6FAE6-9E77-4E04-819D-D74F8B780E28}.Release|Any CPU.ActiveCfg = Release|Any CPU
		{DCD6FAE6-9E77-4E04-819D-D74F8B780E28}.Release|Any CPU.Build.0 = Release|Any CPU
		{DCD6FAE6-9E77-4E04-819D-D74F8B780E28}.Release|x64.ActiveCfg = Release|Any CPU
		{DCD6FAE6-9E77-4E04-819D-D74F8B780E28}.Release|x64.Build.0 = Release|Any CPU
		{AB66B4D1-0DEE-4610-AFEC-4DC375559553}.Debug|Any CPU.ActiveCfg = Debug|Any CPU
		{AB66B4D1-0DEE-4610-AFEC-4DC375559553}.Debug|Any CPU.Build.0 = Debug|Any CPU
		{AB66B4D1-0DEE-4610-AFEC-4DC375559553}.Debug|x64.ActiveCfg = Debug|Any CPU
		{AB66B4D1-0DEE-4610-AFEC-4DC375559553}.Debug|x64.Build.0 = Debug|Any CPU
		{AB66B4D1-0DEE-4610-AFEC-4DC375559553}.Release|Any CPU.ActiveCfg = Release|Any CPU
		{AB66B4D1-0DEE-4610-AFEC-4DC375559553}.Release|Any CPU.Build.0 = Release|Any CPU
		{AB66B4D1-0DEE-4610-AFEC-4DC375559553}.Release|x64.ActiveCfg = Release|Any CPU
		{AB66B4D1-0DEE-4610-AFEC-4DC375559553}.Release|x64.Build.0 = Release|Any CPU
		{BF65BBCC-A670-4F3B-96D0-FA6D8D4BA1CB}.Debug|Any CPU.ActiveCfg = Debug|Any CPU
		{BF65BBCC-A670-4F3B-96D0-FA6D8D4BA1CB}.Debug|Any CPU.Build.0 = Debug|Any CPU
		{BF65BBCC-A670-4F3B-96D0-FA6D8D4BA1CB}.Debug|x64.ActiveCfg = Debug|Any CPU
		{BF65BBCC-A670-4F3B-96D0-FA6D8D4BA1CB}.Debug|x64.Build.0 = Debug|Any CPU
		{BF65BBCC-A670-4F3B-96D0-FA6D8D4BA1CB}.Release|Any CPU.ActiveCfg = Release|Any CPU
		{BF65BBCC-A670-4F3B-96D0-FA6D8D4BA1CB}.Release|Any CPU.Build.0 = Release|Any CPU
		{BF65BBCC-A670-4F3B-96D0-FA6D8D4BA1CB}.Release|x64.ActiveCfg = Release|Any CPU
		{BF65BBCC-A670-4F3B-96D0-FA6D8D4BA1CB}.Release|x64.Build.0 = Release|Any CPU
		{1EA21D91-000D-4D3C-B539-49700E7DD09B}.Debug|Any CPU.ActiveCfg = Debug|Any CPU
		{1EA21D91-000D-4D3C-B539-49700E7DD09B}.Debug|Any CPU.Build.0 = Debug|Any CPU
		{1EA21D91-000D-4D3C-B539-49700E7DD09B}.Debug|x64.ActiveCfg = Debug|Any CPU
		{1EA21D91-000D-4D3C-B539-49700E7DD09B}.Debug|x64.Build.0 = Debug|Any CPU
		{1EA21D91-000D-4D3C-B539-49700E7DD09B}.Release|Any CPU.ActiveCfg = Release|Any CPU
		{1EA21D91-000D-4D3C-B539-49700E7DD09B}.Release|Any CPU.Build.0 = Release|Any CPU
		{1EA21D91-000D-4D3C-B539-49700E7DD09B}.Release|x64.ActiveCfg = Release|Any CPU
		{1EA21D91-000D-4D3C-B539-49700E7DD09B}.Release|x64.Build.0 = Release|Any CPU
	EndGlobalSection
	GlobalSection(SolutionProperties) = preSolution
		HideSolutionNode = FALSE
	EndGlobalSection
	GlobalSection(ExtensibilityGlobals) = postSolution
		SolutionGuid = {48CFFF52-4C81-4E44-BADD-8C759EDEFC6D}
	EndGlobalSection
EndGlobal
